version = 2

[[dependencies]]
name = "forge-std"
version = "1.17.0"
url = "https://soldeer-revisions.s3.amazonaws.com/forge-std/1_17_0_01-10-2026_10:59:49_forge-std-1.17.zip"
checksum = "a77ad38d5fbef0ec10d1f4d191698e5fbaa2bffbee5d1aced91a39da5e9b908c"
integrity = "fa706c8a7caf3426c90f75e6aafa3224b0a6c899b490800cf6944e4ec42f9344"

[[dependencies]]
name = "risc0-risc0-ethereum"
version = "3.0.1"
url = "https://soldeer-revisions.s3.amazonaws.com/risc0-risc0-ethereum/3_0_1_09-11-2025_11:23:36_risc0-risc0-ethereum-3.0.zip"
checksum = "894cb1442a71fcbef5f7e8984aab7e1cb3079ee8876a080926f0c66e07e50e58"
integrity = "7363c17ff7bf6c1b0fa842944bfaffd8b5ebdcbecb85823be50df01b67f9cdfc"
