[[dependencies]]
name = "forge-std"
version = "1.16.2"
url = "https://soldeer-revisions.s3.amazonaws.com/forge-std/1_16_2_03-07-2026_07:37:45_forge-std-1.16.zip"
checksum = "405dccc9d60d753f6abc412b4adf0359f4390f65dbadbbb277a12b4946ed8969"
integrity = "5fb4325b60d7d4194bd0481e2f94398cf1d9c6561dd12a66fb2748ef4a68205f"

[[dependencies]]
name = "risc0-risc0-ethereum"
version = "3.0.1"
url = "https://soldeer-revisions.s3.amazonaws.com/risc0-risc0-ethereum/3_0_1_09-11-2025_11:23:36_risc0-risc0-ethereum-3.0.zip"
checksum = "894cb1442a71fcbef5f7e8984aab7e1cb3079ee8876a080926f0c66e07e50e58"
integrity = "f7daeb66069f75241e7bef8e9ffac67a3cca86788a1197910c7a506547949c2c"
